{
  "version": 4,
  "terraform_version": "1.6.6",
  "serial": 10,
  "lineage": "4b77e98e-4ee4-c23d-2fe2-c8cd154b3cca",
  "outputs": {},
  "resources": [
    {
      "mode": "managed",
      "type": "kubectl_manifest",
      "name": "test-deployment",
      "provider": "provider[\"registry.terraform.io/gavinbunney/kubectl\"]",
      "instances": [
        {
          "schema_version": 1,
          "attributes": {
            "api_version": "apps/v1",
            "apply_only": false,
            "force_conflicts": false,
            "force_new": false,
            "id": "/apis/apps/v1/namespaces/hello-kubernetes-ns/deployments/hellow-kubernetesdeploynginx",
            "ignore_fields": null,
            "kind": "Deployment",
            "live_manifest_incluster": "f14d6388568458361804bede46127f5f1e38ebb1badbc4431c5192a459027a27",
            "live_uid": "755cef81-3c79-429b-a8db-3e3b553967da",
            "name": "hellow-kubernetesdeploynginx",
            "namespace": "hello-kubernetes-ns",
            "override_namespace": null,
            "sensitive_fields": null,
            "server_side_apply": false,
            "timeouts": null,
            "uid": "755cef81-3c79-429b-a8db-3e3b553967da",
            "validate_schema": true,
            "wait": null,
            "wait_for_rollout": true,
            "yaml_body": "apiVersion: apps/v1\nkind: Deployment\nmetadata:\n  name: hellow-kubernetesdeploynginx\n  namespace: hello-kubernetes-ns\nspec:\n  replicas: 3\n  selector:\n    matchLabels:\n      app: my-app\n  template:\n    metadata:\n      labels:\n        app: my-app\n    spec:\n      containers:\n        - name: hello-kubernetes\n          image: nginx\n          ports:\n          - containerPort: 8080",
            "yaml_body_parsed": "apiVersion: apps/v1\nkind: Deployment\nmetadata:\n  name: hellow-kubernetesdeploynginx\n  namespace: hello-kubernetes-ns\nspec:\n  replicas: 3\n  selector:\n    matchLabels:\n      app: my-app\n  template:\n    metadata:\n      labels:\n        app: my-app\n    spec:\n      containers:\n      - image: nginx\n        name: hello-kubernetes\n        ports:\n        - containerPort: 8080\n",
            "yaml_incluster": "f14d6388568458361804bede46127f5f1e38ebb1badbc4431c5192a459027a27"
          },
          "sensitive_attributes": [],
          "private": "eyJlMmJmYjczMC1lY2FhLTExZTYtOGY4OC0zNDM2M2JjN2M0YzAiOnsiY3JlYXRlIjo2MDAwMDAwMDAwMDB9LCJzY2hlbWFfdmVyc2lvbiI6IjEifQ=="
        }
      ]
    },
    {
      "mode": "managed",
      "type": "kubectl_manifest",
      "name": "test-namespace",
      "provider": "provider[\"registry.terraform.io/gavinbunney/kubectl\"]",
      "instances": [
        {
          "schema_version": 1,
          "attributes": {
            "api_version": "v1",
            "apply_only": false,
            "force_conflicts": false,
            "force_new": false,
            "id": "/api/v1/namespaces/hello-kubernetes-ns",
            "ignore_fields": null,
            "kind": "Namespace",
            "live_manifest_incluster": "18a8f5aa0d5e86cdc3dbdf4bfaebc6fd1112dc2878aa60e409a2e76ff0d79d76",
            "live_uid": "a30110ca-ecef-47f3-9f0f-a6f338521b4d",
            "name": "hello-kubernetes-ns",
            "namespace": null,
            "override_namespace": null,
            "sensitive_fields": null,
            "server_side_apply": false,
            "timeouts": null,
            "uid": "a30110ca-ecef-47f3-9f0f-a6f338521b4d",
            "validate_schema": true,
            "wait": null,
            "wait_for_rollout": true,
            "yaml_body": "apiVersion: v1\nkind: Namespace\nmetadata:\n  name: hello-kubernetes-ns",
            "yaml_body_parsed": "apiVersion: v1\nkind: Namespace\nmetadata:\n  name: hello-kubernetes-ns\n",
            "yaml_incluster": "18a8f5aa0d5e86cdc3dbdf4bfaebc6fd1112dc2878aa60e409a2e76ff0d79d76"
          },
          "sensitive_attributes": [],
          "private": "eyJlMmJmYjczMC1lY2FhLTExZTYtOGY4OC0zNDM2M2JjN2M0YzAiOnsiY3JlYXRlIjo2MDAwMDAwMDAwMDB9LCJzY2hlbWFfdmVyc2lvbiI6IjEifQ=="
        }
      ]
    },
    {
      "mode": "managed",
      "type": "kubectl_manifest",
      "name": "test-service",
      "provider": "provider[\"registry.terraform.io/gavinbunney/kubectl\"]",
      "instances": [
        {
          "schema_version": 1,
          "attributes": {
            "api_version": "v1",
            "apply_only": false,
            "force_conflicts": false,
            "force_new": false,
            "id": "/api/v1/namespaces/default/services/hellow-kubernetesservice",
            "ignore_fields": null,
            "kind": "Service",
            "live_manifest_incluster": "fd89bb5e02ab52067672a37868764a9c8b3b1868b499bac9b9f44e72e97b877e",
            "live_uid": "a7ae7c51-2f18-4eb6-9e47-e52c04077497",
            "name": "hellow-kubernetesservice",
            "namespace": null,
            "override_namespace": null,
            "sensitive_fields": null,
            "server_side_apply": false,
            "timeouts": null,
            "uid": "a7ae7c51-2f18-4eb6-9e47-e52c04077497",
            "validate_schema": true,
            "wait": null,
            "wait_for_rollout": true,
            "yaml_body": "apiVersion: v1\nkind: Service\nmetadata:\n  name: hellow-kubernetesservice\nspec:\n  type: NodePort\n  selector:\n    app: my-app\n  ports:\n    - name: http\n      port: 80\n      targetPort: 80",
            "yaml_body_parsed": "apiVersion: v1\nkind: Service\nmetadata:\n  name: hellow-kubernetesservice\nspec:\n  ports:\n  - name: http\n    port: 80\n    targetPort: 80\n  selector:\n    app: my-app\n  type: NodePort\n",
            "yaml_incluster": "fd89bb5e02ab52067672a37868764a9c8b3b1868b499bac9b9f44e72e97b877e"
          },
          "sensitive_attributes": [],
          "private": "eyJlMmJmYjczMC1lY2FhLTExZTYtOGY4OC0zNDM2M2JjN2M0YzAiOnsiY3JlYXRlIjo2MDAwMDAwMDAwMDB9LCJzY2hlbWFfdmVyc2lvbiI6IjEifQ=="
        }
      ]
    }
  ],
  "check_results": null
}
